
Microsoft Visual Studio Solution File, Format Version 12.00
# Visual Studio 15
VisualStudioVersion = 15.0.28307.572
MinimumVisualStudioVersion = 10.0.40219.1
Project("{FAE04EC0-301F-11D3-BF4B-00C04F79EFBC}") = "BusinessProperties", "BusinessProperties\BusinessProperties.csproj", "{83E93722-8392-4DE0-8D69-815612BFDBCA}"
EndProject
Project("{FAE04EC0-301F-11D3-BF4B-00C04F79EFBC}") = "UnitTestProject1", "UnitTestProject1\UnitTestProject1.csproj", "{9F049C58-B014-49F7-AC67-7CCAB82F9852}"
EndProject
Global
	GlobalSection(SolutionConfigurationPlatforms) = preSolution
		Debug|Any CPU = Debug|Any CPU
		Release|Any CPU = Release|Any CPU
	EndGlobalSection
	GlobalSection(ProjectConfigurationPlatforms) = postSolution
		{83E93722-8392-4DE0-8D69-815612BFDBCA}.Debug|Any CPU.ActiveCfg = Debug|Any CPU
		{83E93722-8392-4DE0-8D69-815612BFDBCA}.Debug|Any CPU.Build.0 = Debug|Any CPU
		{83E93722-8392-4DE0-8D69-815612BFDBCA}.Release|Any CPU.ActiveCfg = Release|Any CPU
		{83E93722-8392-4DE0-8D69-815612BFDBCA}.Release|Any CPU.Build.0 = Release|Any CPU
		{9F049C58-B014-49F7-AC67-7CCAB82F9852}.Debug|Any CPU.ActiveCfg = Debug|Any CPU
		{9F049C58-B014-49F7-AC67-7CCAB82F9852}.Debug|Any CPU.Build.0 = Debug|Any CPU
		{9F049C58-B014-49F7-AC67-7CCAB82F9852}.Release|Any CPU.ActiveCfg = Release|Any CPU
		{9F049C58-B014-49F7-AC67-7CCAB82F9852}.Release|Any CPU.Build.0 = Release|Any CPU
	EndGlobalSection
	GlobalSection(SolutionProperties) = preSolution
		HideSolutionNode = FALSE
	EndGlobalSection
	GlobalSection(ExtensibilityGlobals) = postSolution
		SolutionGuid = {3C471A81-180A-46A0-84C2-134C98043296}
	EndGlobalSection
EndGlobal
